
Microsoft Visual Studio Solution File, Format Version 12.00
# Visual Studio Version 17
VisualStudioVersion = 17.14.37203.1 d17.14
MinimumVisualStudioVersion = 10.0.40219.1
Project("{FAE04EC0-301F-11D3-BF4B-00C04F79EFBC}") = "simplified", "simplified\simplified.csproj", "{01FDC2DB-1D9A-4488-9C6D-69126A4FAE7D}"
EndProject
Global
	GlobalSection(SolutionConfigurationPlatforms) = preSolution
		Debug|Any CPU = Debug|Any CPU
		Release|Any CPU = Release|Any CPU
	EndGlobalSection
	GlobalSection(ProjectConfigurationPlatforms) = postSolution
		{01FDC2DB-1D9A-4488-9C6D-69126A4FAE7D}.Debug|Any CPU.ActiveCfg = Debug|Any CPU
		{01FDC2DB-1D9A-4488-9C6D-69126A4FAE7D}.Debug|Any CPU.Build.0 = Debug|Any CPU
		{01FDC2DB-1D9A-4488-9C6D-69126A4FAE7D}.Release|Any CPU.ActiveCfg = Release|Any CPU
		{01FDC2DB-1D9A-4488-9C6D-69126A4FAE7D}.Release|Any CPU.Build.0 = Release|Any CPU
	EndGlobalSection
	GlobalSection(SolutionProperties) = preSolution
		HideSolutionNode = FALSE
	EndGlobalSection
	GlobalSection(ExtensibilityGlobals) = postSolution
		SolutionGuid = {62BF644E-6698-40FD-B414-8C5FBA9432EF}
	EndGlobalSection
EndGlobal
